version = 1
requires-python = ">=3.13.0"

[[package]]
name = "amqp"
version = "5.3.1"
source = { registry = "https://pypi.org/simple" }
dependencies = [
    { name = "vine" },
]
sdist = { url = "https://files.pythonhosted.org/packages/79/fc/ec94a357dfc6683d8c86f8b4cfa5416a4c36b28052ec8260c77aca96a443/amqp-5.3.1.tar.gz", hash = "sha256:cddc00c725449522023bad949f70fff7b48f0b1ade74d170a6f10ab044739432", size = 129013 }
wheels = [
    { url = "https://files.pythonhosted.org/packages/26/99/fc813cd978842c26c82534010ea849eee9ab3a13ea2b74e95cb9c99e747b/amqp-5.3.1-py3-none-any.whl", hash = "sha256:43b3319e1b4e7d1251833a93d672b4af1e40f3d632d479b98661a95f117880a2", size = 50944 },
]

[[package]]
name = "annotated-types"
version = "0.7.0"
source = { registry = "https://pypi.org/simple" }
sdist = { url = "https://files.pythonhosted.org/packages/ee/67/531ea369ba64dcff5ec9c3402f9f51bf748cec26dde048a2f973a4eea7f5/annotated_types-0.7.0.tar.gz", hash = "sha256:aff07c09a53a08bc8cfccb9c85b05f1aa9a2a6f23728d790723543408344ce89", size = 16081 }
wheels = [
    { url = "https://files.pythonhosted.org/packages/78/b6/6307fbef88d9b5ee7421e68d78a9f162e0da4900bc5f5793f6d3d0e34fb8/annotated_types-0.7.0-py3-none-any.whl", hash = "sha256:1f02e8b43a8fbbc3f3e0d4f0f4bfc8131bcb4eebe8849b8e5c773f3a1c582a53", size = 13643 },
]

[[package]]
name = "anyio"
version = "4.9.0"
source = { registry = "https://pypi.org/simple" }
dependencies = [
    { name = "idna" },
    { name = "sniffio" },
]
sdist = { url = "https://files.pythonhosted.org/packages/95/7d/4c1bd541d4dffa1b52bd83fb8527089e097a106fc90b467a7313b105f840/anyio-4.9.0.tar.gz", hash = "sha256:673c0c244e15788651a4ff38710fea9675823028a6f08a5eda409e0c9840a028", size = 190949 }
wheels = [
    { url = "https://files.pythonhosted.org/packages/a1/ee/48ca1a7c89ffec8b6a0c5d02b89c305671d5ffd8d3c94acf8b8c408575bb/anyio-4.9.0-py3-none-any.whl", hash = "sha256:9f76d541cad6e36af7beb62e978876f3b41e3e04f2c1fbf0884604c0a9c4d93c", size = 100916 },
]

[[package]]
name = "asyncpg"
version = "0.30.0"
source = { registry = "https://pypi.org/simple" }
sdist = { url = "https://files.pythonhosted.org/packages/2f/4c/7c991e080e106d854809030d8584e15b2e996e26f16aee6d757e387bc17d/asyncpg-0.30.0.tar.gz", hash = "sha256:c551e9928ab6707602f44811817f82ba3c446e018bfe1d3abecc8ba5f3eac851", size = 957746 }
wheels = [
    { url = "https://files.pythonhosted.org/packages/3a/22/e20602e1218dc07692acf70d5b902be820168d6282e69ef0d3cb920dc36f/asyncpg-0.30.0-cp313-cp313-macosx_10_13_x86_64.whl", hash = "sha256:05b185ebb8083c8568ea8a40e896d5f7af4b8554b64d7719c0eaa1eb5a5c3a70", size = 670373 },
    { url = "https://files.pythonhosted.org/packages/3d/b3/0cf269a9d647852a95c06eb00b815d0b95a4eb4b55aa2d6ba680971733b9/asyncpg-0.30.0-cp313-cp313-macosx_11_0_arm64.whl", hash = "sha256:c47806b1a8cbb0a0db896f4cd34d89942effe353a5035c62734ab13b9f938da3", size = 634745 },
    { url = "https://files.pythonhosted.org/packages/8e/6d/a4f31bf358ce8491d2a31bfe0d7bcf25269e80481e49de4d8616c4295a34/asyncpg-0.30.0-cp313-cp313-manylinux_2_17_aarch64.manylinux2014_aarch64.whl", hash = "sha256:9b6fde867a74e8c76c71e2f64f80c64c0f3163e687f1763cfaf21633ec24ec33", size = 3512103 },
    { url = "https://files.pythonhosted.org/packages/96/19/139227a6e67f407b9c386cb594d9628c6c78c9024f26df87c912fabd4368/asyncpg-0.30.0-cp313-cp313-manylinux_2_17_x86_64.manylinux2014_x86_64.whl", hash = "sha256:46973045b567972128a27d40001124fbc821c87a6cade040cfcd4fa8a30bcdc4", size = 3592471 },
    { url = "https://files.pythonhosted.org/packages/67/e4/ab3ca38f628f53f0fd28d3ff20edff1c975dd1cb22482e0061916b4b9a74/asyncpg-0.30.0-cp313-cp313-musllinux_1_2_aarch64.whl", hash = "sha256:9110df111cabc2ed81aad2f35394a00cadf4f2e0635603db6ebbd0fc896f46a4", size = 3496253 },
    { url = "https://files.pythonhosted.org/packages/ef/5f/0bf65511d4eeac3a1f41c54034a492515a707c6edbc642174ae79034d3ba/asyncpg-0.30.0-cp313-cp313-musllinux_1_2_x86_64.whl", hash = "sha256:04ff0785ae7eed6cc138e73fc67b8e51d54ee7a3ce9b63666ce55a0bf095f7ba", size = 3662720 },
    { url = "https://files.pythonhosted.org/packages/e7/31/1513d5a6412b98052c3ed9158d783b1e09d0910f51fbe0e05f56cc370bc4/asyncpg-0.30.0-cp313-cp313-win32.whl", hash = "sha256:ae374585f51c2b444510cdf3595b97ece4f233fde739aa14b50e0d64e8a7a590", size = 560404 },
    { url = "https://files.pythonhosted.org/packages/c8/a4/cec76b3389c4c5ff66301cd100fe88c318563ec8a520e0b2e792b5b84972/asyncpg-0.30.0-cp313-cp313-win_amd64.whl", hash = "sha256:f59b430b8e27557c3fb9869222559f7417ced18688375825f8f12302c34e915e", size = 621623 },
]

[[package]]
name = "backend"
version = "0.1.0"
source = { virtual = "." }
dependencies = [
    { name = "asyncpg" },
    { name = "celery" },
    { name = "dependency-injector" },
    { name = "fastapi" },
    { name = "pika" },
    { name = "pydantic" },
    { name = "pydantic-settings" },
    { name = "sqlalchemy", extra = ["asyncio"] },
]

[package.dev-dependencies]
dev = [
    { name = "pytest" },
    { name = "pytest-asyncio" },
]

[package.metadata]
requires-dist = [
    { name = "asyncpg", specifier = ">=0.30.0" },
    { name = "celery", specifier = ">=5.5.1" },
    { name = "dependency-injector", specifier = ">=4.46.0" },
    { name = "fastapi", specifier = ">=0.115.12" },
    { name = "pika", specifier = ">=1.3.2" },
    { name = "pydantic", specifier = ">=2.11.3" },
    { name = "pydantic-settings", specifier = ">=2.9.1" },
    { name = "sqlalchemy", extras = ["asyncio"], specifier = ">=2.0.40" },
]

[package.metadata.requires-dev]
dev = [
    { name = "pytest", specifier = ">=8.3.5" },
    { name = "pytest-asyncio", specifier = ">=0.26.0" },
]

[[package]]
name = "billiard"
version = "4.2.1"
source = { registry = "https://pypi.org/simple" }
sdist = { url = "https://files.pythonhosted.org/packages/7c/58/1546c970afcd2a2428b1bfafecf2371d8951cc34b46701bea73f4280989e/billiard-4.2.1.tar.gz", hash = "sha256:12b641b0c539073fc8d3f5b8b7be998956665c4233c7c1fcd66a7e677c4fb36f", size = 155031 }
wheels = [
    { url = "https://files.pythonhosted.org/packages/30/da/43b15f28fe5f9e027b41c539abc5469052e9d48fd75f8ff094ba2a0ae767/billiard-4.2.1-py3-none-any.whl", hash = "sha256:40b59a4ac8806ba2c2369ea98d876bc6108b051c227baffd928c644d15d8f3cb", size = 86766 },
]

[[package]]
name = "celery"
version = "5.5.1"
source = { registry = "https://pypi.org/simple" }
dependencies = [
    { name = "billiard" },
    { name = "click" },
    { name = "click-didyoumean" },
    { name = "click-plugins" },
    { name = "click-repl" },
    { name = "kombu" },
    { name = "python-dateutil" },
    { name = "vine" },
]
sdist = { url = "https://files.pythonhosted.org/packages/4c/7e/a252cc4d003bd98ec350a27f2add5c995862e042a64648b22d4c13ed73cf/celery-5.5.1.tar.gz", hash = "sha256:2af9109a10fe28155044f4c387ce0e5e7f1fc89f9584cfb4b0df94f99a5fedc7", size = 1666151 }
wheels = [
    { url = "https://files.pythonhosted.org/packages/75/e4/9bc19817230cb88d35ff4dd4415dbb0666cca525875b4c577af47aaf59e9/celery-5.5.1-py3-none-any.whl", hash = "sha256:9f4f9e57e36000c097c1b6f7a8ab29814b82771e5439836f83915823809729c8", size = 438525 },
]

[[package]]
name = "click"
version = "8.1.8"
source = { registry = "https://pypi.org/simple" }
dependencies = [
    { name = "colorama", marker = "sys_platform == 'win32'" },
]
sdist = { url = "https://files.pythonhosted.org/packages/b9/2e/0090cbf739cee7d23781ad4b89a9894a41538e4fcf4c31dcdd705b78eb8b/click-8.1.8.tar.gz", hash = "sha256:ed53c9d8990d83c2a27deae68e4ee337473f6330c040a31d4225c9574d16096a", size = 226593 }
wheels = [
    { url = "https://files.pythonhosted.org/packages/7e/d4/7ebdbd03970677812aac39c869717059dbb71a4cfc033ca6e5221787892c/click-8.1.8-py3-none-any.whl", hash = "sha256:63c132bbbed01578a06712a2d1f497bb62d9c1c0d329b7903a866228027263b2", size = 98188 },
]

[[package]]
name = "click-didyoumean"
version = "0.3.1"
source = { registry = "https://pypi.org/simple" }
dependencies = [
    { name = "click" },
]
sdist = { url = "https://files.pythonhosted.org/packages/30/ce/217289b77c590ea1e7c24242d9ddd6e249e52c795ff10fac2c50062c48cb/click_didyoumean-0.3.1.tar.gz", hash = "sha256:4f82fdff0dbe64ef8ab2279bd6aa3f6a99c3b28c05aa09cbfc07c9d7fbb5a463", size = 3089 }
wheels = [
    { url = "https://files.pythonhosted.org/packages/1b/5b/974430b5ffdb7a4f1941d13d83c64a0395114503cc357c6b9ae4ce5047ed/click_didyoumean-0.3.1-py3-none-any.whl", hash = "sha256:5c4bb6007cfea5f2fd6583a2fb6701a22a41eb98957e63d0fac41c10e7c3117c", size = 3631 },
]

[[package]]
name = "click-plugins"
version = "1.1.1"
source = { registry = "https://pypi.org/simple" }
dependencies = [
    { name = "click" },
]
sdist = { url = "https://files.pythonhosted.org/packages/5f/1d/45434f64ed749540af821fd7e42b8e4d23ac04b1eda7c26613288d6cd8a8/click-plugins-1.1.1.tar.gz", hash = "sha256:46ab999744a9d831159c3411bb0c79346d94a444df9a3a3742e9ed63645f264b", size = 8164 }
wheels = [
    { url = "https://files.pythonhosted.org/packages/e9/da/824b92d9942f4e472702488857914bdd50f73021efea15b4cad9aca8ecef/click_plugins-1.1.1-py2.py3-none-any.whl", hash = "sha256:5d262006d3222f5057fd81e1623d4443e41dcda5dc815c06b442aa3c02889fc8", size = 7497 },
]

[[package]]
name = "click-repl"
version = "0.3.0"
source = { registry = "https://pypi.org/simple" }
dependencies = [
    { name = "click" },
    { name = "prompt-toolkit" },
]
sdist = { url = "https://files.pythonhosted.org/packages/cb/a2/57f4ac79838cfae6912f997b4d1a64a858fb0c86d7fcaae6f7b58d267fca/click-repl-0.3.0.tar.gz", hash = "sha256:17849c23dba3d667247dc4defe1757fff98694e90fe37474f3feebb69ced26a9", size = 10449 }
wheels = [
    { url = "https://files.pythonhosted.org/packages/52/40/9d857001228658f0d59e97ebd4c346fe73e138c6de1bce61dc568a57c7f8/click_repl-0.3.0-py3-none-any.whl", hash = "sha256:fb7e06deb8da8de86180a33a9da97ac316751c094c6899382da7feeeeb51b812", size = 10289 },
]

[[package]]
name = "colorama"
version = "0.4.6"
source = { registry = "https://pypi.org/simple" }
sdist = { url = "https://files.pythonhosted.org/packages/d8/53/6f443c9a4a8358a93a6792e2acffb9d9d5cb0a5cfd8802644b7b1c9a02e4/colorama-0.4.6.tar.gz", hash = "sha256:08695f5cb7ed6e0531a20572697297273c47b8cae5a63ffc6d6ed5c201be6e44", size = 27697 }
wheels = [
    { url = "https://files.pythonhosted.org/packages/d1/d6/3965ed04c63042e047cb6a3e6ed1a63a35087b6a609aa3a15ed8ac56c221/colorama-0.4.6-py2.py3-none-any.whl", hash = "sha256:4f1d9991f5acc0ca119f9d443620b77f9d6b33703e51011c16baf57afb285fc6", size = 25335 },
]

[[package]]
name = "dependency-injector"
version = "4.46.0"
source = { registry = "https://pypi.org/simple" }
sdist = { url = "https://files.pythonhosted.org/packages/43/86/4b571dbd26c06d2492176ed533d8af744bc536a98fb47d5a5e59a8593920/dependency_injector-4.46.0.tar.gz", hash = "sha256:14da7974b0a749e4f7616247e8adcbaf86556989084958b08f66e782e8e14edf", size = 1112411 }
wheels = [
    { url = "https://files.pythonhosted.org/packages/68/5c/a052c83321dc7404a09eb2daf6e618655354fd287bec13b3bb2ac89975a9/dependency_injector-4.46.0-cp313-cp313-macosx_11_0_arm64.whl", hash = "sha256:6e7704d6286f4371dff5db56c124c1eac22922ecac7c9e96ef87a3842c21b9e2", size = 1843456 },
    { url = "https://files.pythonhosted.org/packages/a2/da/d07a74d678474c32c291813671ccc5bbd563459ff3f268053b7d574dd71e/dependency_injector-4.46.0-cp313-cp313-manylinux_2_17_aarch64.manylinux2014_aarch64.whl", hash = "sha256:3dcc19b41f78a62bb1c566c1885bba34a9228e51b65d993f3ac3b192935c48de", size = 6780631 },
    { url = "https://files.pythonhosted.org/packages/fb/85/84846f63950cf0dd885ce40e5249f43e67eff20bebc950ae3765ac0c62ee/dependency_injector-4.46.0-cp313-cp313-manylinux_2_17_x86_64.manylinux2014_x86_64.whl", hash = "sha256:4732b68af723a1ce014540b7662cbf53388608600add34b558d32f698504de95", size = 6912886 },
    { url = "https://files.pythonhosted.org/packages/55/8e/621c7ada63e691d8eba70d36ce5e11a55b601e15f7a7d6c41c1d13f65437/dependency_injector-4.46.0-cp313-cp313-manylinux_2_5_i686.manylinux1_i686.manylinux_2_17_i686.manylinux2014_i686.whl", hash = "sha256:02be5d2c6309a514b5164c05b8be7357a763bd42c503960d40c346dbf1f47faa", size = 6362736 },
    { url = "https://files.pythonhosted.org/packages/eb/df/c26c47e65c288ed7e3419859c35c3ff97c93fefdfcf7c9a3e4e502d55851/dependency_injector-4.46.0-cp313-cp313-musllinux_1_2_aarch64.whl", hash = "sha256:538b039bb11ec95edd993a8bf1862166ab299fc0fe44d8cbde37d4b0c2676267", size = 6503442 },
    { url = "https://files.pythonhosted.org/packages/0c/ba/ac6827fdccb1b3cd1764e356aa903837c4b3087277249e572e4c8fb6a823/dependency_injector-4.46.0-cp313-cp313-musllinux_1_2_i686.whl", hash = "sha256:b5302b31ec9327421a4f311d9839f1d639b6419a0dbe3f11af15e2728cb46073", size = 6293894 },
    { url = "https://files.pythonhosted.org/packages/c2/98/20b25dff08c18f0926b7df1f1f3fc9d826e23451128cc3b9c805b301cccf/dependency_injector-4.46.0-cp313-cp313-musllinux_1_2_x86_64.whl", hash = "sha256:a7838e1e1ca35b88ba456484a9c28107197b208144042d2bba6435429dc84c27", size = 6712383 },
    { url = "https://files.pythonhosted.org/packages/16/1c/d3dd9c80a4b365d2f51e637611b0b0fdc126fa2735bd3e471503d6dd841f/dependency_injector-4.46.0-cp313-cp313-win32.whl", hash = "sha256:e201905263b08e7fa52aac92596be45b76739218c799790d9687e33dd62aed60", size = 1648007 },
    { url = "https://files.pythonhosted.org/packages/27/e1/da261f8a8f0fb2dac6589a585010640ed55198edc12e3ccb89eccfee9406/dependency_injector-4.46.0-cp313-cp313-win_amd64.whl", hash = "sha256:360c0ece97c37ddb1742028f7b96081d3331f37dfeb96a5514827fc65ddbead4", size = 1762580 },
]

[[package]]
name = "fastapi"
version = "0.115.12"
source = { registry = "https://pypi.org/simple" }
dependencies = [
    { name = "pydantic" },
    { name = "starlette" },
    { name = "typing-extensions" },
]
sdist = { url = "https://files.pythonhosted.org/packages/f4/55/ae499352d82338331ca1e28c7f4a63bfd09479b16395dce38cf50a39e2c2/fastapi-0.115.12.tar.gz", hash = "sha256:1e2c2a2646905f9e83d32f04a3f86aff4a286669c6c950ca95b5fd68c2602681", size = 295236 }
wheels = [
    { url = "https://files.pythonhosted.org/packages/50/b3/b51f09c2ba432a576fe63758bddc81f78f0c6309d9e5c10d194313bf021e/fastapi-0.115.12-py3-none-any.whl", hash = "sha256:e94613d6c05e27be7ffebdd6ea5f388112e5e430c8f7d6494a9d1d88d43e814d", size = 95164 },
]

[[package]]
name = "greenlet"
version = "3.2.0"
source = { registry = "https://pypi.org/simple" }
sdist = { url = "https://files.pythonhosted.org/packages/b0/9c/666d8c71b18d0189cf801c0e0b31c4bfc609ac823883286045b1f3ae8994/greenlet-3.2.0.tar.gz", hash = "sha256:1d2d43bd711a43db8d9b9187500e6432ddb4fafe112d082ffabca8660a9e01a7", size = 183685 }
wheels = [
    { url = "https://files.pythonhosted.org/packages/c9/43/c0b655d4d7eae19282b028bcec449e5c80626ad0d8d0ca3703f9b1c29258/greenlet-3.2.0-cp313-cp313-macosx_11_0_universal2.whl", hash = "sha256:b86a3ccc865ae601f446af042707b749eebc297928ea7bd0c5f60c56525850be", size = 269131 },
    { url = "https://files.pythonhosted.org/packages/7c/7d/c8f51c373c7f7ac0f73d04a6fd77ab34f6f643cb41a0d186d05ba96708e7/greenlet-3.2.0-cp313-cp313-manylinux_2_17_aarch64.manylinux2014_aarch64.whl", hash = "sha256:144283ad88ed77f3ebd74710dd419b55dd15d18704b0ae05935766a93f5671c5", size = 637323 },
    { url = "https://files.pythonhosted.org/packages/89/65/c3ee41b2e56586737d6e124b250583695628ffa6b324855b3a1267a8d1d9/greenlet-3.2.0-cp313-cp313-manylinux_2_17_ppc64le.manylinux2014_ppc64le.whl", hash = "sha256:5be69cd50994b8465c3ad1467f9e63001f76e53a89440ad4440d1b6d52591280", size = 651430 },
    { url = "https://files.pythonhosted.org/packages/f0/07/33bd7a3dcde1db7259371d026ce76be1eb653d2d892334fc79a500b3c5ee/greenlet-3.2.0-cp313-cp313-manylinux_2_17_s390x.manylinux2014_s390x.whl", hash = "sha256:47aeadd1e8fbdef8fdceb8fb4edc0cbb398a57568d56fd68f2bc00d0d809e6b6", size = 645798 },
    { url = "https://files.pythonhosted.org/packages/35/5b/33c221a6a867030b0b770513a1b78f6c30e04294131dafdc8da78906bbe6/greenlet-3.2.0-cp313-cp313-manylinux_2_17_x86_64.manylinux2014_x86_64.whl", hash = "sha256:18adc14ab154ca6e53eecc9dc50ff17aeb7ba70b7e14779b26e16d71efa90038", size = 648271 },
    { url = "https://files.pythonhosted.org/packages/4d/dd/d6452248fa6093504e3b7525dc2bdc4e55a4296ec6ee74ba241a51d852e2/greenlet-3.2.0-cp313-cp313-manylinux_2_24_x86_64.manylinux_2_28_x86_64.whl", hash = "sha256:e8622b33d8694ec373ad55050c3d4e49818132b44852158442e1931bb02af336", size = 606779 },
    { url = "https://files.pythonhosted.org/packages/9d/24/160f04d2589bcb15b8661dcd1763437b22e01643626899a4139bf98f02af/greenlet-3.2.0-cp313-cp313-musllinux_1_1_aarch64.whl", hash = "sha256:e8ac9a2c20fbff3d0b853e9ef705cdedb70d9276af977d1ec1cde86a87a4c821", size = 1117968 },
    { url = "https://files.pythonhosted.org/packages/6c/ff/c6e3f3a5168fef5209cfd9498b2b5dd77a0bf29dfc686a03dcc614cf4432/greenlet-3.2.0-cp313-cp313-musllinux_1_1_x86_64.whl", hash = "sha256:cd37273dc7ca1d5da149b58c8b3ce0711181672ba1b09969663905a765affe21", size = 1145510 },
    { url = "https://files.pythonhosted.org/packages/dc/62/5215e374819052e542b5bde06bd7d4a171454b6938c96a2384f21cb94279/greenlet-3.2.0-cp313-cp313-win_amd64.whl", hash = "sha256:8a8940a8d301828acd8b9f3f85db23069a692ff2933358861b19936e29946b95", size = 296004 },
    { url = "https://files.pythonhosted.org/packages/62/6d/dc9c909cba5cbf4b0833fce69912927a8ca74791c23c47b9fd4f28092108/greenlet-3.2.0-cp313-cp313t-manylinux_2_17_aarch64.manylinux2014_aarch64.whl", hash = "sha256:ee59db626760f1ca8da697a086454210d36a19f7abecc9922a2374c04b47735b", size = 629900 },
    { url = "https://files.pythonhosted.org/packages/5e/a9/f3f304fbbbd604858ff3df303d7fa1d8f7f9e45a6ef74481aaf03aaac021/greenlet-3.2.0-cp313-cp313t-manylinux_2_17_ppc64le.manylinux2014_ppc64le.whl", hash = "sha256:7154b13ef87a8b62fc05419f12d75532d7783586ad016c57b5de8a1c6feeb517", size = 635270 },
    { url = "https://files.pythonhosted.org/packages/34/92/4b7b4e2e23ecc723cceef9fe3898e78c8e14e106cc7ba2f276a66161da3e/greenlet-3.2.0-cp313-cp313t-manylinux_2_17_s390x.manylinux2014_s390x.whl", hash = "sha256:199453d64b02d0c9d139e36d29681efd0e407ed8e2c0bf89d88878d6a787c28f", size = 632534 },
    { url = "https://files.pythonhosted.org/packages/da/7f/91f0ecbe72c9d789fb7f400b39da9d1e87fcc2cf8746a9636479ba79ab01/greenlet-3.2.0-cp313-cp313t-manylinux_2_17_x86_64.manylinux2014_x86_64.whl", hash = "sha256:0010e928e1901d36625f21d008618273f9dda26b516dbdecf873937d39c9dff0", size = 628826 },
    { url = "https://files.pythonhosted.org/packages/9f/59/e449a44ce52b13751f55376d85adc155dd311608f6d2aa5b6bd2c8d15486/greenlet-3.2.0-cp313-cp313t-manylinux_2_24_x86_64.manylinux_2_28_x86_64.whl", hash = "sha256:6005f7a86de836a1dc4b8d824a2339cdd5a1ca7cb1af55ea92575401f9952f4c", size = 593697 },
    { url = "https://files.pythonhosted.org/packages/bb/09/cca3392927c5c990b7a8ede64ccd0712808438d6490d63ce6b8704d6df5f/greenlet-3.2.0-cp313-cp313t-musllinux_1_1_aarch64.whl", hash = "sha256:17fd241c0d50bacb7ce8ff77a30f94a2d0ca69434ba2e0187cf95a5414aeb7e1", size = 1105762 },
    { url = "https://files.pythonhosted.org/packages/4d/b9/3d201f819afc3b7a8cd7ebe645f1a17799603e2d62c968154518f79f4881/greenlet-3.2.0-cp313-cp313t-musllinux_1_1_x86_64.whl", hash = "sha256:7b17a26abc6a1890bf77d5d6b71c0999705386b00060d15c10b8182679ff2790", size = 1125173 },
    { url = "https://files.pythonhosted.org/packages/80/7b/773a30602234597fc2882091f8e1d1a38ea0b4419d99ca7ed82c827e2c3a/greenlet-3.2.0-cp314-cp314-macosx_11_0_universal2.whl", hash = "sha256:397b6bbda06f8fe895893d96218cd6f6d855a6701dc45012ebe12262423cec8b", size = 269908 },
]

[[package]]
name = "idna"
version = "3.10"
source = { registry = "https://pypi.org/simple" }
sdist = { url = "https://files.pythonhosted.org/packages/f1/70/7703c29685631f5a7590aa73f1f1d3fa9a380e654b86af429e0934a32f7d/idna-3.10.tar.gz", hash = "sha256:12f65c9b470abda6dc35cf8e63cc574b1c52b11df2c86030af0ac09b01b13ea9", size = 190490 }
wheels = [
    { url = "https://files.pythonhosted.org/packages/76/c6/c88e154df9c4e1a2a66ccf0005a88dfb2650c1dffb6f5ce603dfbd452ce3/idna-3.10-py3-none-any.whl", hash = "sha256:946d195a0d259cbba61165e88e65941f16e9b36ea6ddb97f00452bae8b1287d3", size = 70442 },
]

[[package]]
name = "iniconfig"
version = "2.1.0"
source = { registry = "https://pypi.org/simple" }
sdist = { url = "https://files.pythonhosted.org/packages/f2/97/ebf4da567aa6827c909642694d71c9fcf53e5b504f2d96afea02718862f3/iniconfig-2.1.0.tar.gz", hash = "sha256:3abbd2e30b36733fee78f9c7f7308f2d0050e88f0087fd25c2645f63c773e1c7", size = 4793 }
wheels = [
    { url = "https://files.pythonhosted.org/packages/2c/e1/e6716421ea10d38022b952c159d5161ca1193197fb744506875fbb87ea7b/iniconfig-2.1.0-py3-none-any.whl", hash = "sha256:9deba5723312380e77435581c6bf4935c94cbfab9b1ed33ef8d238ea168eb760", size = 6050 },
]

[[package]]
name = "kombu"
version = "5.5.3"
source = { registry = "https://pypi.org/simple" }
dependencies = [
    { name = "amqp" },
    { name = "tzdata" },
    { name = "vine" },
]
sdist = { url = "https://files.pythonhosted.org/packages/60/0a/128b65651ed8120460fc5af754241ad595eac74993115ec0de4f2d7bc459/kombu-5.5.3.tar.gz", hash = "sha256:021a0e11fcfcd9b0260ef1fb64088c0e92beb976eb59c1dfca7ddd4ad4562ea2", size = 461784 }
wheels = [
    { url = "https://files.pythonhosted.org/packages/5d/35/1407fb0b2f5b07b50cbaf97fce09ad87d3bfefbf64f7171a8651cd8d2f68/kombu-5.5.3-py3-none-any.whl", hash = "sha256:5b0dbceb4edee50aa464f59469d34b97864be09111338cfb224a10b6a163909b", size = 209921 },
]

[[package]]
name = "packaging"
version = "25.0"
source = { registry = "https://pypi.org/simple" }
sdist = { url = "https://files.pythonhosted.org/packages/a1/d4/1fc4078c65507b51b96ca8f8c3ba19e6a61c8253c72794544580a7b6c24d/packaging-25.0.tar.gz", hash = "sha256:d443872c98d677bf60f6a1f2f8c1cb748e8fe762d2bf9d3148b5599295b0fc4f", size = 165727 }
wheels = [
    { url = "https://files.pythonhosted.org/packages/20/12/38679034af332785aac8774540895e234f4d07f7545804097de4b666afd8/packaging-25.0-py3-none-any.whl", hash = "sha256:29572ef2b1f17581046b3a2227d5c611fb25ec70ca1ba8554b24b0e69331a484", size = 66469 },
]

[[package]]
name = "pika"
version = "1.3.2"
source = { registry = "https://pypi.org/simple" }
sdist = { url = "https://files.pythonhosted.org/packages/db/db/d4102f356af18f316c67f2cead8ece307f731dd63140e2c71f170ddacf9b/pika-1.3.2.tar.gz", hash = "sha256:b2a327ddddf8570b4965b3576ac77091b850262d34ce8c1d8cb4e4146aa4145f", size = 145029 }
wheels = [
    { url = "https://files.pythonhosted.org/packages/f9/f3/f412836ec714d36f0f4ab581b84c491e3f42c6b5b97a6c6ed1817f3c16d0/pika-1.3.2-py3-none-any.whl", hash = "sha256:0779a7c1fafd805672796085560d290213a465e4f6f76a6fb19e378d8041a14f", size = 155415 },
]

[[package]]
name = "pluggy"
version = "1.5.0"
source = { registry = "https://pypi.org/simple" }
sdist = { url = "https://files.pythonhosted.org/packages/96/2d/02d4312c973c6050a18b314a5ad0b3210edb65a906f868e31c111dede4a6/pluggy-1.5.0.tar.gz", hash = "sha256:2cffa88e94fdc978c4c574f15f9e59b7f4201d439195c3715ca9e2486f1d0cf1", size = 67955 }
wheels = [
    { url = "https://files.pythonhosted.org/packages/88/5f/e351af9a41f866ac3f1fac4ca0613908d9a41741cfcf2228f4ad853b697d/pluggy-1.5.0-py3-none-any.whl", hash = "sha256:44e1ad92c8ca002de6377e165f3e0f1be63266ab4d554740532335b9d75ea669", size = 20556 },
]

[[package]]
name = "prompt-toolkit"
version = "3.0.51"
source = { registry = "https://pypi.org/simple" }
dependencies = [
    { name = "wcwidth" },
]
sdist = { url = "https://files.pythonhosted.org/packages/bb/6e/9d084c929dfe9e3bfe0c6a47e31f78a25c54627d64a66e884a8bf5474f1c/prompt_toolkit-3.0.51.tar.gz", hash = "sha256:931a162e3b27fc90c86f1b48bb1fb2c528c2761475e57c9c06de13311c7b54ed", size = 428940 }
wheels = [
    { url = "https://files.pythonhosted.org/packages/ce/4f/5249960887b1fbe561d9ff265496d170b55a735b76724f10ef19f9e40716/prompt_toolkit-3.0.51-py3-none-any.whl", hash = "sha256:52742911fde84e2d423e2f9a4cf1de7d7ac4e51958f648d9540e0fb8db077b07", size = 387810 },
]

[[package]]
name = "pydantic"
version = "2.11.3"
source = { registry = "https://pypi.org/simple" }
dependencies = [
    { name = "annotated-types" },
    { name = "pydantic-core" },
    { name = "typing-extensions" },
    { name = "typing-inspection" },
]
sdist = { url = "https://files.pythonhosted.org/packages/10/2e/ca897f093ee6c5f3b0bee123ee4465c50e75431c3d5b6a3b44a47134e891/pydantic-2.11.3.tar.gz", hash = "sha256:7471657138c16adad9322fe3070c0116dd6c3ad8d649300e3cbdfe91f4db4ec3", size = 785513 }
wheels = [
    { url = "https://files.pythonhosted.org/packages/b0/1d/407b29780a289868ed696d1616f4aad49d6388e5a77f567dcd2629dcd7b8/pydantic-2.11.3-py3-none-any.whl", hash = "sha256:a082753436a07f9ba1289c6ffa01cd93db3548776088aa917cc43b63f68fa60f", size = 443591 },
]

[[package]]
name = "pydantic-core"
version = "2.33.1"
source = { registry = "https://pypi.org/simple" }
dependencies = [
    { name = "typing-extensions" },
]
sdist = { url = "https://files.pythonhosted.org/packages/17/19/ed6a078a5287aea7922de6841ef4c06157931622c89c2a47940837b5eecd/pydantic_core-2.33.1.tar.gz", hash = "sha256:bcc9c6fdb0ced789245b02b7d6603e17d1563064ddcfc36f046b61c0c05dd9df", size = 434395 }
wheels = [
    { url = "https://files.pythonhosted.org/packages/7a/24/eed3466a4308d79155f1cdd5c7432c80ddcc4530ba8623b79d5ced021641/pydantic_core-2.33.1-cp313-cp313-macosx_10_12_x86_64.whl", hash = "sha256:70af6a21237b53d1fe7b9325b20e65cbf2f0a848cf77bed492b029139701e66a", size = 2033551 },
    { url = "https://files.pythonhosted.org/packages/ab/14/df54b1a0bc9b6ded9b758b73139d2c11b4e8eb43e8ab9c5847c0a2913ada/pydantic_core-2.33.1-cp313-cp313-macosx_11_0_arm64.whl", hash = "sha256:282b3fe1bbbe5ae35224a0dbd05aed9ccabccd241e8e6b60370484234b456266", size = 1852785 },
    { url = "https://files.pythonhosted.org/packages/fa/96/e275f15ff3d34bb04b0125d9bc8848bf69f25d784d92a63676112451bfb9/pydantic_core-2.33.1-cp313-cp313-manylinux_2_17_aarch64.manylinux2014_aarch64.whl", hash = "sha256:4b315e596282bbb5822d0c7ee9d255595bd7506d1cb20c2911a4da0b970187d3", size = 1897758 },
    { url = "https://files.pythonhosted.org/packages/b7/d8/96bc536e975b69e3a924b507d2a19aedbf50b24e08c80fb00e35f9baaed8/pydantic_core-2.33.1-cp313-cp313-manylinux_2_17_armv7l.manylinux2014_armv7l.whl", hash = "sha256:1dfae24cf9921875ca0ca6a8ecb4bb2f13c855794ed0d468d6abbec6e6dcd44a", size = 1986109 },
    { url = "https://files.pythonhosted.org/packages/90/72/ab58e43ce7e900b88cb571ed057b2fcd0e95b708a2e0bed475b10130393e/pydantic_core-2.33.1-cp313-cp313-manylinux_2_17_ppc64le.manylinux2014_ppc64le.whl", hash = "sha256:6dd8ecfde08d8bfadaea669e83c63939af76f4cf5538a72597016edfa3fad516", size = 2129159 },
    { url = "https://files.pythonhosted.org/packages/dc/3f/52d85781406886c6870ac995ec0ba7ccc028b530b0798c9080531b409fdb/pydantic_core-2.33.1-cp313-cp313-manylinux_2_17_s390x.manylinux2014_s390x.whl", hash = "sha256:2f593494876eae852dc98c43c6f260f45abdbfeec9e4324e31a481d948214764", size = 2680222 },
    { url = "https://files.pythonhosted.org/packages/f4/56/6e2ef42f363a0eec0fd92f74a91e0ac48cd2e49b695aac1509ad81eee86a/pydantic_core-2.33.1-cp313-cp313-manylinux_2_17_x86_64.manylinux2014_x86_64.whl", hash = "sha256:948b73114f47fd7016088e5186d13faf5e1b2fe83f5e320e371f035557fd264d", size = 2006980 },
    { url = "https://files.pythonhosted.org/packages/4c/c0/604536c4379cc78359f9ee0aa319f4aedf6b652ec2854953f5a14fc38c5a/pydantic_core-2.33.1-cp313-cp313-manylinux_2_5_i686.manylinux1_i686.whl", hash = "sha256:e11f3864eb516af21b01e25fac915a82e9ddad3bb0fb9e95a246067398b435a4", size = 2120840 },
    { url = "https://files.pythonhosted.org/packages/1f/46/9eb764814f508f0edfb291a0f75d10854d78113fa13900ce13729aaec3ae/pydantic_core-2.33.1-cp313-cp313-musllinux_1_1_aarch64.whl", hash = "sha256:549150be302428b56fdad0c23c2741dcdb5572413776826c965619a25d9c6bde", size = 2072518 },
    { url = "https://files.pythonhosted.org/packages/42/e3/fb6b2a732b82d1666fa6bf53e3627867ea3131c5f39f98ce92141e3e3dc1/pydantic_core-2.33.1-cp313-cp313-musllinux_1_1_armv7l.whl", hash = "sha256:495bc156026efafd9ef2d82372bd38afce78ddd82bf28ef5276c469e57c0c83e", size = 2248025 },
    { url = "https://files.pythonhosted.org/packages/5c/9d/fbe8fe9d1aa4dac88723f10a921bc7418bd3378a567cb5e21193a3c48b43/pydantic_core-2.33.1-cp313-cp313-musllinux_1_1_x86_64.whl", hash = "sha256:ec79de2a8680b1a67a07490bddf9636d5c2fab609ba8c57597e855fa5fa4dacd", size = 2254991 },
    { url = "https://files.pythonhosted.org/packages/aa/99/07e2237b8a66438d9b26482332cda99a9acccb58d284af7bc7c946a42fd3/pydantic_core-2.33.1-cp313-cp313-win32.whl", hash = "sha256:ee12a7be1742f81b8a65b36c6921022301d466b82d80315d215c4c691724986f", size = 1915262 },
    { url = "https://files.pythonhosted.org/packages/8a/f4/e457a7849beeed1e5defbcf5051c6f7b3c91a0624dd31543a64fc9adcf52/pydantic_core-2.33.1-cp313-cp313-win_amd64.whl", hash = "sha256:ede9b407e39949d2afc46385ce6bd6e11588660c26f80576c11c958e6647bc40", size = 1956626 },
    { url = "https://files.pythonhosted.org/packages/20/d0/e8d567a7cff7b04e017ae164d98011f1e1894269fe8e90ea187a3cbfb562/pydantic_core-2.33.1-cp313-cp313-win_arm64.whl", hash = "sha256:aa687a23d4b7871a00e03ca96a09cad0f28f443690d300500603bd0adba4b523", size = 1909590 },
    { url = "https://files.pythonhosted.org/packages/ef/fd/24ea4302d7a527d672c5be06e17df16aabfb4e9fdc6e0b345c21580f3d2a/pydantic_core-2.33.1-cp313-cp313t-macosx_11_0_arm64.whl", hash = "sha256:401d7b76e1000d0dd5538e6381d28febdcacb097c8d340dde7d7fc6e13e9f95d", size = 1812963 },
    { url = "https://files.pythonhosted.org/packages/5f/95/4fbc2ecdeb5c1c53f1175a32d870250194eb2fdf6291b795ab08c8646d5d/pydantic_core-2.33.1-cp313-cp313t-manylinux_2_17_x86_64.manylinux2014_x86_64.whl", hash = "sha256:7aeb055a42d734c0255c9e489ac67e75397d59c6fbe60d155851e9782f276a9c", size = 1986896 },
    { url = "https://files.pythonhosted.org/packages/71/ae/fe31e7f4a62431222d8f65a3bd02e3fa7e6026d154a00818e6d30520ea77/pydantic_core-2.33.1-cp313-cp313t-win_amd64.whl", hash = "sha256:338ea9b73e6e109f15ab439e62cb3b78aa752c7fd9536794112e14bee02c8d18", size = 1931810 },
]

[[package]]
name = "pydantic-settings"
version = "2.9.1"
source = { registry = "https://pypi.org/simple" }
dependencies = [
    { name = "pydantic" },
    { name = "python-dotenv" },
    { name = "typing-inspection" },
]
sdist = { url = "https://files.pythonhosted.org/packages/67/1d/42628a2c33e93f8e9acbde0d5d735fa0850f3e6a2f8cb1eb6c40b9a732ac/pydantic_settings-2.9.1.tar.gz", hash = "sha256:c509bf79d27563add44e8446233359004ed85066cd096d8b510f715e6ef5d268", size = 163234 }
wheels = [
    { url = "https://files.pythonhosted.org/packages/b6/5f/d6d641b490fd3ec2c4c13b4244d68deea3a1b970a97be64f34fb5504ff72/pydantic_settings-2.9.1-py3-none-any.whl", hash = "sha256:59b4f431b1defb26fe620c71a7d3968a710d719f5f4cdbbdb7926edeb770f6ef", size = 44356 },
]

[[package]]
name = "pytest"
version = "8.3.5"
source = { registry = "https://pypi.org/simple" }
dependencies = [
    { name = "colorama", marker = "sys_platform == 'win32'" },
    { name = "iniconfig" },
    { name = "packaging" },
    { name = "pluggy" },
]
sdist = { url = "https://files.pythonhosted.org/packages/ae/3c/c9d525a414d506893f0cd8a8d0de7706446213181570cdbd766691164e40/pytest-8.3.5.tar.gz", hash = "sha256:f4efe70cc14e511565ac476b57c279e12a855b11f48f212af1080ef2263d3845", size = 1450891 }
wheels = [
    { url = "https://files.pythonhosted.org/packages/30/3d/64ad57c803f1fa1e963a7946b6e0fea4a70df53c1a7fed304586539c2bac/pytest-8.3.5-py3-none-any.whl", hash = "sha256:c69214aa47deac29fad6c2a4f590b9c4a9fdb16a403176fe154b79c0b4d4d820", size = 343634 },
]

[[package]]
name = "pytest-asyncio"
version = "0.26.0"
source = { registry = "https://pypi.org/simple" }
dependencies = [
    { name = "pytest" },
]
sdist = { url = "https://files.pythonhosted.org/packages/8e/c4/453c52c659521066969523e87d85d54139bbd17b78f09532fb8eb8cdb58e/pytest_asyncio-0.26.0.tar.gz", hash = "sha256:c4df2a697648241ff39e7f0e4a73050b03f123f760673956cf0d72a4990e312f", size = 54156 }
wheels = [
    { url = "https://files.pythonhosted.org/packages/20/7f/338843f449ace853647ace35870874f69a764d251872ed1b4de9f234822c/pytest_asyncio-0.26.0-py3-none-any.whl", hash = "sha256:7b51ed894f4fbea1340262bdae5135797ebbe21d8638978e35d31c6d19f72fb0", size = 19694 },
]

[[package]]
name = "python-dateutil"
version = "2.9.0.post0"
source = { registry = "https://pypi.org/simple" }
dependencies = [
    { name = "six" },
]
sdist = { url = "https://files.pythonhosted.org/packages/66/c0/0c8b6ad9f17a802ee498c46e004a0eb49bc148f2fd230864601a86dcf6db/python-dateutil-2.9.0.post0.tar.gz", hash = "sha256:37dd54208da7e1cd875388217d5e00ebd4179249f90fb72437e91a35459a0ad3", size = 342432 }
wheels = [
    { url = "https://files.pythonhosted.org/packages/ec/57/56b9bcc3c9c6a792fcbaf139543cee77261f3651ca9da0c93f5c1221264b/python_dateutil-2.9.0.post0-py2.py3-none-any.whl", hash = "sha256:a8b2bc7bffae282281c8140a97d3aa9c14da0b136dfe83f850eea9a5f7470427", size = 229892 },
]

[[package]]
name = "python-dotenv"
version = "1.1.0"
source = { registry = "https://pypi.org/simple" }
sdist = { url = "https://files.pythonhosted.org/packages/88/2c/7bb1416c5620485aa793f2de31d3df393d3686aa8a8506d11e10e13c5baf/python_dotenv-1.1.0.tar.gz", hash = "sha256:41f90bc6f5f177fb41f53e87666db362025010eb28f60a01c9143bfa33a2b2d5", size = 39920 }
wheels = [
    { url = "https://files.pythonhosted.org/packages/1e/18/98a99ad95133c6a6e2005fe89faedf294a748bd5dc803008059409ac9b1e/python_dotenv-1.1.0-py3-none-any.whl", hash = "sha256:d7c01d9e2293916c18baf562d95698754b0dbbb5e74d457c45d4f6561fb9d55d", size = 20256 },
]

[[package]]
name = "six"
version = "1.17.0"
source = { registry = "https://pypi.org/simple" }
sdist = { url = "https://files.pythonhosted.org/packages/94/e7/b2c673351809dca68a0e064b6af791aa332cf192da575fd474ed7d6f16a2/six-1.17.0.tar.gz", hash = "sha256:ff70335d468e7eb6ec65b95b99d3a2836546063f63acc5171de367e834932a81", size = 34031 }
wheels = [
    { url = "https://files.pythonhosted.org/packages/b7/ce/149a00dd41f10bc29e5921b496af8b574d8413afcd5e30dfa0ed46c2cc5e/six-1.17.0-py2.py3-none-any.whl", hash = "sha256:4721f391ed90541fddacab5acf947aa0d3dc7d27b2e1e8eda2be8970586c3274", size = 11050 },
]

[[package]]
name = "sniffio"
version = "1.3.1"
source = { registry = "https://pypi.org/simple" }
sdist = { url = "https://files.pythonhosted.org/packages/a2/87/a6771e1546d97e7e041b6ae58d80074f81b7d5121207425c964ddf5cfdbd/sniffio-1.3.1.tar.gz", hash = "sha256:f4324edc670a0f49750a81b895f35c3adb843cca46f0530f79fc1babb23789dc", size = 20372 }
wheels = [
    { url = "https://files.pythonhosted.org/packages/e9/44/75a9c9421471a6c4805dbf2356f7c181a29c1879239abab1ea2cc8f38b40/sniffio-1.3.1-py3-none-any.whl", hash = "sha256:2f6da418d1f1e0fddd844478f41680e794e6051915791a034ff65e5f100525a2", size = 10235 },
]

[[package]]
name = "sqlalchemy"
version = "2.0.40"
source = { registry = "https://pypi.org/simple" }
dependencies = [
    { name = "greenlet", marker = "(python_full_version < '3.14' and platform_machine == 'AMD64') or (python_full_version < '3.14' and platform_machine == 'WIN32') or (python_full_version < '3.14' and platform_machine == 'aarch64') or (python_full_version < '3.14' and platform_machine == 'amd64') or (python_full_version < '3.14' and platform_machine == 'ppc64le') or (python_full_version < '3.14' and platform_machine == 'win32') or (python_full_version < '3.14' and platform_machine == 'x86_64')" },
    { name = "typing-extensions" },
]
sdist = { url = "https://files.pythonhosted.org/packages/68/c3/3f2bfa5e4dcd9938405fe2fab5b6ab94a9248a4f9536ea2fd497da20525f/sqlalchemy-2.0.40.tar.gz", hash = "sha256:d827099289c64589418ebbcaead0145cd19f4e3e8a93919a0100247af245fa00", size = 9664299 }
wheels = [
    { url = "https://files.pythonhosted.org/packages/8c/18/4e3a86cc0232377bc48c373a9ba6a1b3fb79ba32dbb4eda0b357f5a2c59d/sqlalchemy-2.0.40-cp313-cp313-macosx_10_13_x86_64.whl", hash = "sha256:915866fd50dd868fdcc18d61d8258db1bf9ed7fbd6dfec960ba43365952f3b01", size = 2107887 },
    { url = "https://files.pythonhosted.org/packages/cb/60/9fa692b1d2ffc4cbd5f47753731fd332afed30137115d862d6e9a1e962c7/sqlalchemy-2.0.40-cp313-cp313-macosx_11_0_arm64.whl", hash = "sha256:4a4c5a2905a9ccdc67a8963e24abd2f7afcd4348829412483695c59e0af9a705", size = 2098367 },
    { url = "https://files.pythonhosted.org/packages/4c/9f/84b78357ca641714a439eb3fbbddb17297dacfa05d951dbf24f28d7b5c08/sqlalchemy-2.0.40-cp313-cp313-manylinux_2_17_aarch64.manylinux2014_aarch64.whl", hash = "sha256:55028d7a3ebdf7ace492fab9895cbc5270153f75442a0472d8516e03159ab364", size = 3184806 },
    { url = "https://files.pythonhosted.org/packages/4b/7d/e06164161b6bfce04c01bfa01518a20cccbd4100d5c951e5a7422189191a/sqlalchemy-2.0.40-cp313-cp313-manylinux_2_17_x86_64.manylinux2014_x86_64.whl", hash = "sha256:6cfedff6878b0e0d1d0a50666a817ecd85051d12d56b43d9d425455e608b5ba0", size = 3198131 },
    { url = "https://files.pythonhosted.org/packages/6d/51/354af20da42d7ec7b5c9de99edafbb7663a1d75686d1999ceb2c15811302/sqlalchemy-2.0.40-cp313-cp313-musllinux_1_2_aarch64.whl", hash = "sha256:bb19e30fdae77d357ce92192a3504579abe48a66877f476880238a962e5b96db", size = 3131364 },
    { url = "https://files.pythonhosted.org/packages/7a/2f/48a41ff4e6e10549d83fcc551ab85c268bde7c03cf77afb36303c6594d11/sqlalchemy-2.0.40-cp313-cp313-musllinux_1_2_x86_64.whl", hash = "sha256:16d325ea898f74b26ffcd1cf8c593b0beed8714f0317df2bed0d8d1de05a8f26", size = 3159482 },
    { url = "https://files.pythonhosted.org/packages/33/ac/e5e0a807163652a35be878c0ad5cfd8b1d29605edcadfb5df3c512cdf9f3/sqlalchemy-2.0.40-cp313-cp313-win32.whl", hash = "sha256:a669cbe5be3c63f75bcbee0b266779706f1a54bcb1000f302685b87d1b8c1500", size = 2080704 },
    { url = "https://files.pythonhosted.org/packages/1c/cb/f38c61f7f2fd4d10494c1c135ff6a6ddb63508d0b47bccccd93670637309/sqlalchemy-2.0.40-cp313-cp313-win_amd64.whl", hash = "sha256:641ee2e0834812d657862f3a7de95e0048bdcb6c55496f39c6fa3d435f6ac6ad", size = 2104564 },
    { url = "https://files.pythonhosted.org/packages/d1/7c/5fc8e802e7506fe8b55a03a2e1dab156eae205c91bee46305755e086d2e2/sqlalchemy-2.0.40-py3-none-any.whl", hash = "sha256:32587e2e1e359276957e6fe5dad089758bc042a971a8a09ae8ecf7a8fe23d07a", size = 1903894 },
]

[package.optional-dependencies]
asyncio = [
    { name = "greenlet" },
]

[[package]]
name = "starlette"
version = "0.46.2"
source = { registry = "https://pypi.org/simple" }
dependencies = [
    { name = "anyio" },
]
sdist = { url = "https://files.pythonhosted.org/packages/ce/20/08dfcd9c983f6a6f4a1000d934b9e6d626cff8d2eeb77a89a68eef20a2b7/starlette-0.46.2.tar.gz", hash = "sha256:7f7361f34eed179294600af672f565727419830b54b7b084efe44bb82d2fccd5", size = 2580846 }
wheels = [
    { url = "https://files.pythonhosted.org/packages/8b/0c/9d30a4ebeb6db2b25a841afbb80f6ef9a854fc3b41be131d249a977b4959/starlette-0.46.2-py3-none-any.whl", hash = "sha256:595633ce89f8ffa71a015caed34a5b2dc1c0cdb3f0f1fbd1e69339cf2abeec35", size = 72037 },
]

[[package]]
name = "typing-extensions"
version = "4.13.2"
source = { registry = "https://pypi.org/simple" }
sdist = { url = "https://files.pythonhosted.org/packages/f6/37/23083fcd6e35492953e8d2aaaa68b860eb422b34627b13f2ce3eb6106061/typing_extensions-4.13.2.tar.gz", hash = "sha256:e6c81219bd689f51865d9e372991c540bda33a0379d5573cddb9a3a23f7caaef", size = 106967 }
wheels = [
    { url = "https://files.pythonhosted.org/packages/8b/54/b1ae86c0973cc6f0210b53d508ca3641fb6d0c56823f288d108bc7ab3cc8/typing_extensions-4.13.2-py3-none-any.whl", hash = "sha256:a439e7c04b49fec3e5d3e2beaa21755cadbbdc391694e28ccdd36ca4a1408f8c", size = 45806 },
]

[[package]]
name = "typing-inspection"
version = "0.4.0"
source = { registry = "https://pypi.org/simple" }
dependencies = [
    { name = "typing-extensions" },
]
sdist = { url = "https://files.pythonhosted.org/packages/82/5c/e6082df02e215b846b4b8c0b887a64d7d08ffaba30605502639d44c06b82/typing_inspection-0.4.0.tar.gz", hash = "sha256:9765c87de36671694a67904bf2c96e395be9c6439bb6c87b5142569dcdd65122", size = 76222 }
wheels = [
    { url = "https://files.pythonhosted.org/packages/31/08/aa4fdfb71f7de5176385bd9e90852eaf6b5d622735020ad600f2bab54385/typing_inspection-0.4.0-py3-none-any.whl", hash = "sha256:50e72559fcd2a6367a19f7a7e610e6afcb9fac940c650290eed893d61386832f", size = 14125 },
]

[[package]]
name = "tzdata"
version = "2025.2"
source = { registry = "https://pypi.org/simple" }
sdist = { url = "https://files.pythonhosted.org/packages/95/32/1a225d6164441be760d75c2c42e2780dc0873fe382da3e98a2e1e48361e5/tzdata-2025.2.tar.gz", hash = "sha256:b60a638fcc0daffadf82fe0f57e53d06bdec2f36c4df66280ae79bce6bd6f2b9", size = 196380 }
wheels = [
    { url = "https://files.pythonhosted.org/packages/5c/23/c7abc0ca0a1526a0774eca151daeb8de62ec457e77262b66b359c3c7679e/tzdata-2025.2-py2.py3-none-any.whl", hash = "sha256:1a403fada01ff9221ca8044d701868fa132215d84beb92242d9acd2147f667a8", size = 347839 },
]

[[package]]
name = "vine"
version = "5.1.0"
source = { registry = "https://pypi.org/simple" }
sdist = { url = "https://files.pythonhosted.org/packages/bd/e4/d07b5f29d283596b9727dd5275ccbceb63c44a1a82aa9e4bfd20426762ac/vine-5.1.0.tar.gz", hash = "sha256:8b62e981d35c41049211cf62a0a1242d8c1ee9bd15bb196ce38aefd6799e61e0", size = 48980 }
wheels = [
    { url = "https://files.pythonhosted.org/packages/03/ff/7c0c86c43b3cbb927e0ccc0255cb4057ceba4799cd44ae95174ce8e8b5b2/vine-5.1.0-py3-none-any.whl", hash = "sha256:40fdf3c48b2cfe1c38a49e9ae2da6fda88e4794c810050a728bd7413811fb1dc", size = 9636 },
]

[[package]]
name = "wcwidth"
version = "0.2.13"
source = { registry = "https://pypi.org/simple" }
sdist = { url = "https://files.pythonhosted.org/packages/6c/63/53559446a878410fc5a5974feb13d31d78d752eb18aeba59c7fef1af7598/wcwidth-0.2.13.tar.gz", hash = "sha256:72ea0c06399eb286d978fdedb6923a9eb47e1c486ce63e9b4e64fc18303972b5", size = 101301 }
wheels = [
    { url = "https://files.pythonhosted.org/packages/fd/84/fd2ba7aafacbad3c4201d395674fc6348826569da3c0937e75505ead3528/wcwidth-0.2.13-py2.py3-none-any.whl", hash = "sha256:3da69048e4540d84af32131829ff948f1e022c1c6bdb8d6102117aac784f6859", size = 34166 },
]
